
Microsoft Visual Studio Solution File, Format Version 12.00
# Visual Studio 15
VisualStudioVersion = 15.0.28307.168
MinimumVisualStudioVersion = 10.0.40219.1
Project("{FAE04EC0-301F-11D3-BF4B-00C04F79EFBC}") = "JennyScienceControllerGUI", "JennyScienceControllerGUI\JennyScienceControllerGUI.csproj", "{5FE06862-0894-47A5-9613-9CC4D162735B}"
EndProject
Global
	GlobalSection(SolutionConfigurationPlatforms) = preSolution
		Debug|Any CPU = Debug|Any CPU
		Release|Any CPU = Release|Any CPU
	EndGlobalSection
	GlobalSection(ProjectConfigurationPlatforms) = postSolution
		{5FE06862-0894-47A5-9613-9CC4D162735B}.Debug|Any CPU.ActiveCfg = Debug|Any CPU
		{5FE06862-0894-47A5-9613-9CC4D162735B}.Debug|Any CPU.Build.0 = Debug|Any CPU
		{5FE06862-0894-47A5-9613-9CC4D162735B}.Release|Any CPU.ActiveCfg = Release|Any CPU
		{5FE06862-0894-47A5-9613-9CC4D162735B}.Release|Any CPU.Build.0 = Release|Any CPU
	EndGlobalSection
	GlobalSection(SolutionProperties) = preSolution
		HideSolutionNode = FALSE
	EndGlobalSection
	GlobalSection(ExtensibilityGlobals) = postSolution
		SolutionGuid = {FD2ED053-9915-47F4-B150-A3E0743E10A4}
	EndGlobalSection
EndGlobal
